// !$*UTF8*$!
{
	archiveVersion = 1;
	classes = {
	};
	objectVersion = 56;
	objects = {

/* Begin PBXBuildFile section */
		E0294DF12AE95DFF00DAE2CB /* BluetoothViewer.swift in Sources */ = {isa = PBXBuildFile; fileRef = E0294DF02AE95DFF00DAE2CB /* BluetoothViewer.swift */; };
		E0294DF32AE95F8B00DAE2CB /* BluetoothCtl.swift in Sources */ = {isa = PBXBuildFile; fileRef = E0294DF22AE95F8B00DAE2CB /* BluetoothCtl.swift */; };
		E0294DF62AE9659E00DAE2CB /* Citadel in Frameworks */ = {isa = PBXBuildFile; productRef = E0294DF52AE9659E00DAE2CB /* Citadel */; };
		E0376B412ADC928F0080635A /* SSH.swift in Sources */ = {isa = PBXBuildFile; fileRef = E0376B402ADC928F0080635A /* SSH.swift */; };
		E0465D812AE1C9C3003DF998 /* MainPage.swift in Sources */ = {isa = PBXBuildFile; fileRef = E0465D802AE1C9C3003DF998 /* MainPage.swift */; };
		E0465D832AE1D172003DF998 /* ProcessViewer.swift in Sources */ = {isa = PBXBuildFile; fileRef = E0465D822AE1D172003DF998 /* ProcessViewer.swift */; };
		E0465D852AE1D9FA003DF998 /* ProcessStatus.swift in Sources */ = {isa = PBXBuildFile; fileRef = E0465D842AE1D9FA003DF998 /* ProcessStatus.swift */; };
		E047EB3D2ADF06D30027DA72 /* User.swift in Sources */ = {isa = PBXBuildFile; fileRef = E047EB3C2ADF06D30027DA72 /* User.swift */; };
		E047EB3F2ADF06FA0027DA72 /* Server.swift in Sources */ = {isa = PBXBuildFile; fileRef = E047EB3E2ADF06FA0027DA72 /* Server.swift */; };
		E049EDAA2ADC1465000CF599 /* process_viewerApp.swift in Sources */ = {isa = PBXBuildFile; fileRef = E049EDA92ADC1465000CF599 /* process_viewerApp.swift */; };
		E049EDAE2ADC1466000CF599 /* Assets.xcassets in Resources */ = {isa = PBXBuildFile; fileRef = E049EDAD2ADC1466000CF599 /* Assets.xcassets */; };
		E049EDB12ADC1466000CF599 /* Preview Assets.xcassets in Resources */ = {isa = PBXBuildFile; fileRef = E049EDB02ADC1466000CF599 /* Preview Assets.xcassets */; };
		E049EDBB2ADC1466000CF599 /* process_viewerTests.swift in Sources */ = {isa = PBXBuildFile; fileRef = E049EDBA2ADC1466000CF599 /* process_viewerTests.swift */; };
		E049EDC52ADC1466000CF599 /* process_viewerUITests.swift in Sources */ = {isa = PBXBuildFile; fileRef = E049EDC42ADC1466000CF599 /* process_viewerUITests.swift */; };
		E049EDC72ADC1466000CF599 /* process_viewerUITestsLaunchTests.swift in Sources */ = {isa = PBXBuildFile; fileRef = E049EDC62ADC1466000CF599 /* process_viewerUITestsLaunchTests.swift */; };
		E04C9D182AE983A600EB69AD /* BTDevice.swift in Sources */ = {isa = PBXBuildFile; fileRef = E04C9D172AE983A600EB69AD /* BTDevice.swift */; };
		E057C4B92AE42CD9002B55E4 /* ServerStore.swift in Sources */ = {isa = PBXBuildFile; fileRef = E057C4B82AE42CD9002B55E4 /* ServerStore.swift */; };
		E057C4BB2AE432EB002B55E4 /* UserStore.swift in Sources */ = {isa = PBXBuildFile; fileRef = E057C4BA2AE432EB002B55E4 /* UserStore.swift */; };
		E057C4BE2AE4338D002B55E4 /* KeychainAccess in Frameworks */ = {isa = PBXBuildFile; productRef = E057C4BD2AE4338D002B55E4 /* KeychainAccess */; };
		E057C4C22AE43B16002B55E4 /* ServerUserCreator.swift in Sources */ = {isa = PBXBuildFile; fileRef = E057C4C12AE43B16002B55E4 /* ServerUserCreator.swift */; };
		E05D031D2AEB0DE200DFC457 /* BTDeviceRow.swift in Sources */ = {isa = PBXBuildFile; fileRef = E05D031C2AEB0DE200DFC457 /* BTDeviceRow.swift */; };
		E0F46BBE2ADC323A00BB1A87 /* Process.swift in Sources */ = {isa = PBXBuildFile; fileRef = E0F46BBD2ADC323A00BB1A87 /* Process.swift */; };
		E0F46BC12ADC33F700BB1A87 /* ProcessRow.swift in Sources */ = {isa = PBXBuildFile; fileRef = E0F46BC02ADC33F700BB1A87 /* ProcessRow.swift */; };
/* End PBXBuildFile section */

/* Begin PBXContainerItemProxy section */
		E049EDB72ADC1466000CF599 /* PBXContainerItemProxy */ = {
			isa = PBXContainerItemProxy;
			containerPortal = E049ED9E2ADC1465000CF599 /* Project object */;
			proxyType = 1;
			remoteGlobalIDString = E049EDA52ADC1465000CF599;
			remoteInfo = "process-viewer";
		};
		E049EDC12ADC1466000CF599 /* PBXContainerItemProxy */ = {
			isa = PBXContainerItemProxy;
			containerPortal = E049ED9E2ADC1465000CF599 /* Project object */;
			proxyType = 1;
			remoteGlobalIDString = E049EDA52ADC1465000CF599;
			remoteInfo = "process-viewer";
		};
/* End PBXContainerItemProxy section */

/* Begin PBXFileReference section */
		E0294DF02AE95DFF00DAE2CB /* BluetoothViewer.swift */ = {isa = PBXFileReference; lastKnownFileType = sourcecode.swift; path = BluetoothViewer.swift; sourceTree = "<group>"; };
		E0294DF22AE95F8B00DAE2CB /* BluetoothCtl.swift */ = {isa = PBXFileReference; lastKnownFileType = sourcecode.swift; path = BluetoothCtl.swift; sourceTree = "<group>"; };
		E0376B402ADC928F0080635A /* SSH.swift */ = {isa = PBXFileReference; lastKnownFileType = sourcecode.swift; path = SSH.swift; sourceTree = "<group>"; };
		E0465D802AE1C9C3003DF998 /* MainPage.swift */ = {isa = PBXFileReference; lastKnownFileType = sourcecode.swift; path = MainPage.swift; sourceTree = "<group>"; };
		E0465D822AE1D172003DF998 /* ProcessViewer.swift */ = {isa = PBXFileReference; lastKnownFileType = sourcecode.swift; path = ProcessViewer.swift; sourceTree = "<group>"; };
		E0465D842AE1D9FA003DF998 /* ProcessStatus.swift */ = {isa = PBXFileReference; lastKnownFileType = sourcecode.swift; path = ProcessStatus.swift; sourceTree = "<group>"; };
		E047EB3C2ADF06D30027DA72 /* User.swift */ = {isa = PBXFileReference; lastKnownFileType = sourcecode.swift; path = User.swift; sourceTree = "<group>"; };
		E047EB3E2ADF06FA0027DA72 /* Server.swift */ = {isa = PBXFileReference; lastKnownFileType = sourcecode.swift; path = Server.swift; sourceTree = "<group>"; };
		E049EDA62ADC1465000CF599 /* process-viewer.app */ = {isa = PBXFileReference; explicitFileType = wrapper.application; includeInIndex = 0; path = "process-viewer.app"; sourceTree = BUILT_PRODUCTS_DIR; };
		E049EDA92ADC1465000CF599 /* process_viewerApp.swift */ = {isa = PBXFileReference; lastKnownFileType = sourcecode.swift; path = process_viewerApp.swift; sourceTree = "<group>"; };
		E049EDAD2ADC1466000CF599 /* Assets.xcassets */ = {isa = PBXFileReference; lastKnownFileType = folder.assetcatalog; path = Assets.xcassets; sourceTree = "<group>"; };
		E049EDB02ADC1466000CF599 /* Preview Assets.xcassets */ = {isa = PBXFileReference; lastKnownFileType = folder.assetcatalog; path = "Preview Assets.xcassets"; sourceTree = "<group>"; };
		E049EDB62ADC1466000CF599 /* process-viewerTests.xctest */ = {isa = PBXFileReference; explicitFileType = wrapper.cfbundle; includeInIndex = 0; path = "process-viewerTests.xctest"; sourceTree = BUILT_PRODUCTS_DIR; };
		E049EDBA2ADC1466000CF599 /* process_viewerTests.swift */ = {isa = PBXFileReference; lastKnownFileType = sourcecode.swift; path = process_viewerTests.swift; sourceTree = "<group>"; };
		E049EDC02ADC1466000CF599 /* process-viewerUITests.xctest */ = {isa = PBXFileReference; explicitFileType = wrapper.cfbundle; includeInIndex = 0; path = "process-viewerUITests.xctest"; sourceTree = BUILT_PRODUCTS_DIR; };
		E049EDC42ADC1466000CF599 /* process_viewerUITests.swift */ = {isa = PBXFileReference; lastKnownFileType = sourcecode.swift; path = process_viewerUITests.swift; sourceTree = "<group>"; };
		E049EDC62ADC1466000CF599 /* process_viewerUITestsLaunchTests.swift */ = {isa = PBXFileReference; lastKnownFileType = sourcecode.swift; path = process_viewerUITestsLaunchTests.swift; sourceTree = "<group>"; };
		E04C9D172AE983A600EB69AD /* BTDevice.swift */ = {isa = PBXFileReference; lastKnownFileType = sourcecode.swift; path = BTDevice.swift; sourceTree = "<group>"; };
		E057C4B82AE42CD9002B55E4 /* ServerStore.swift */ = {isa = PBXFileReference; lastKnownFileType = sourcecode.swift; path = ServerStore.swift; sourceTree = "<group>"; };
		E057C4BA2AE432EB002B55E4 /* UserStore.swift */ = {isa = PBXFileReference; lastKnownFileType = sourcecode.swift; path = UserStore.swift; sourceTree = "<group>"; };
		E057C4C12AE43B16002B55E4 /* ServerUserCreator.swift */ = {isa = PBXFileReference; lastKnownFileType = sourcecode.swift; path = ServerUserCreator.swift; sourceTree = "<group>"; };
		E05D031C2AEB0DE200DFC457 /* BTDeviceRow.swift */ = {isa = PBXFileReference; lastKnownFileType = sourcecode.swift; path = BTDeviceRow.swift; sourceTree = "<group>"; };
		E0F46BBD2ADC323A00BB1A87 /* Process.swift */ = {isa = PBXFileReference; lastKnownFileType = sourcecode.swift; path = Process.swift; sourceTree = "<group>"; };
		E0F46BC02ADC33F700BB1A87 /* ProcessRow.swift */ = {isa = PBXFileReference; lastKnownFileType = sourcecode.swift; path = ProcessRow.swift; sourceTree = "<group>"; };
/* End PBXFileReference section */

/* Begin PBXFrameworksBuildPhase section */
		E049EDA32ADC1465000CF599 /* Frameworks */ = {
			isa = PBXFrameworksBuildPhase;
			buildActionMask = 2147483647;
			files = (
				E057C4BE2AE4338D002B55E4 /* KeychainAccess in Frameworks */,
				E0294DF62AE9659E00DAE2CB /* Citadel in Frameworks */,
			);
			runOnlyForDeploymentPostprocessing = 0;
		};
		E049EDB32ADC1466000CF599 /* Frameworks */ = {
			isa = PBXFrameworksBuildPhase;
			buildActionMask = 2147483647;
			files = (
			);
			runOnlyForDeploymentPostprocessing = 0;
		};
		E049EDBD2ADC1466000CF599 /* Frameworks */ = {
			isa = PBXFrameworksBuildPhase;
			buildActionMask = 2147483647;
			files = (
			);
			runOnlyForDeploymentPostprocessing = 0;
		};
/* End PBXFrameworksBuildPhase section */

/* Begin PBXGroup section */
		E0376B3D2ADC8EAE0080635A /* Controller */ = {
			isa = PBXGroup;
			children = (
				E0376B402ADC928F0080635A /* SSH.swift */,
				E0465D842AE1D9FA003DF998 /* ProcessStatus.swift */,
				E057C4B82AE42CD9002B55E4 /* ServerStore.swift */,
				E057C4BA2AE432EB002B55E4 /* UserStore.swift */,
				E0294DF22AE95F8B00DAE2CB /* BluetoothCtl.swift */,
			);
			path = Controller;
			sourceTree = "<group>";
		};
		E049ED9D2ADC1465000CF599 = {
			isa = PBXGroup;
			children = (
				E049EDA82ADC1465000CF599 /* process-viewer */,
				E049EDB92ADC1466000CF599 /* process-viewerTests */,
				E049EDC32ADC1466000CF599 /* process-viewerUITests */,
				E049EDA72ADC1465000CF599 /* Products */,
			);
			sourceTree = "<group>";
		};
		E049EDA72ADC1465000CF599 /* Products */ = {
			isa = PBXGroup;
			children = (
				E049EDA62ADC1465000CF599 /* process-viewer.app */,
				E049EDB62ADC1466000CF599 /* process-viewerTests.xctest */,
				E049EDC02ADC1466000CF599 /* process-viewerUITests.xctest */,
			);
			name = Products;
			sourceTree = "<group>";
		};
		E049EDA82ADC1465000CF599 /* process-viewer */ = {
			isa = PBXGroup;
			children = (
				E0376B3D2ADC8EAE0080635A /* Controller */,
				E0F46BBF2ADC33E400BB1A87 /* View */,
				E0F46BBC2ADC322C00BB1A87 /* Model */,
				E049EDA92ADC1465000CF599 /* process_viewerApp.swift */,
				E049EDAD2ADC1466000CF599 /* Assets.xcassets */,
				E049EDAF2ADC1466000CF599 /* Preview Content */,
			);
			path = "process-viewer";
			sourceTree = "<group>";
		};
		E049EDAF2ADC1466000CF599 /* Preview Content */ = {
			isa = PBXGroup;
			children = (
				E049EDB02ADC1466000CF599 /* Preview Assets.xcassets */,
			);
			path = "Preview Content";
			sourceTree = "<group>";
		};
		E049EDB92ADC1466000CF599 /* process-viewerTests */ = {
			isa = PBXGroup;
			children = (
				E049EDBA2ADC1466000CF599 /* process_viewerTests.swift */,
			);
			path = "process-viewerTests";
			sourceTree = "<group>";
		};
		E049EDC32ADC1466000CF599 /* process-viewerUITests */ = {
			isa = PBXGroup;
			children = (
				E049EDC42ADC1466000CF599 /* process_viewerUITests.swift */,
				E049EDC62ADC1466000CF599 /* process_viewerUITestsLaunchTests.swift */,
			);
			path = "process-viewerUITests";
			sourceTree = "<group>";
		};
		E05D031E2AEB154400DFC457 /* Process */ = {
			isa = PBXGroup;
			children = (
				E0465D822AE1D172003DF998 /* ProcessViewer.swift */,
				E0F46BC02ADC33F700BB1A87 /* ProcessRow.swift */,
			);
			path = Process;
			sourceTree = "<group>";
		};
		E05D031F2AEB157B00DFC457 /* Bluetooth */ = {
			isa = PBXGroup;
			children = (
				E05D031C2AEB0DE200DFC457 /* BTDeviceRow.swift */,
				E0294DF02AE95DFF00DAE2CB /* BluetoothViewer.swift */,
			);
			path = Bluetooth;
			sourceTree = "<group>";
		};
		E0F46BBC2ADC322C00BB1A87 /* Model */ = {
			isa = PBXGroup;
			children = (
				E0F46BBD2ADC323A00BB1A87 /* Process.swift */,
				E047EB3C2ADF06D30027DA72 /* User.swift */,
				E047EB3E2ADF06FA0027DA72 /* Server.swift */,
				E04C9D172AE983A600EB69AD /* BTDevice.swift */,
			);
			path = Model;
			sourceTree = "<group>";
		};
		E0F46BBF2ADC33E400BB1A87 /* View */ = {
			isa = PBXGroup;
			children = (
				E05D031F2AEB157B00DFC457 /* Bluetooth */,
				E05D031E2AEB154400DFC457 /* Process */,
				E0465D802AE1C9C3003DF998 /* MainPage.swift */,
				E057C4C12AE43B16002B55E4 /* ServerUserCreator.swift */,
			);
			path = View;
			sourceTree = "<group>";
		};
/* End PBXGroup section */

/* Begin PBXNativeTarget section */
		E049EDA52ADC1465000CF599 /* process-viewer */ = {
			isa = PBXNativeTarget;
			buildConfigurationList = E049EDCA2ADC1466000CF599 /* Build configuration list for PBXNativeTarget "process-viewer" */;
			buildPhases = (
				E049EDA22ADC1465000CF599 /* Sources */,
				E049EDA32ADC1465000CF599 /* Frameworks */,
				E049EDA42ADC1465000CF599 /* Resources */,
			);
			buildRules = (
			);
			dependencies = (
			);
			name = "process-viewer";
			packageProductDependencies = (
				E057C4BD2AE4338D002B55E4 /* KeychainAccess */,
				E0294DF52AE9659E00DAE2CB /* Citadel */,
			);
			productName = "process-viewer";
			productReference = E049EDA62ADC1465000CF599 /* process-viewer.app */;
			productType = "com.apple.product-type.application";
		};
		E049EDB52ADC1466000CF599 /* process-viewerTests */ = {
			isa = PBXNativeTarget;
			buildConfigurationList = E049EDCD2ADC1466000CF599 /* Build configuration list for PBXNativeTarget "process-viewerTests" */;
			buildPhases = (
				E049EDB22ADC1466000CF599 /* Sources */,
				E049EDB32ADC1466000CF599 /* Frameworks */,
				E049EDB42ADC1466000CF599 /* Resources */,
			);
			buildRules = (
			);
			dependencies = (
				E049EDB82ADC1466000CF599 /* PBXTargetDependency */,
			);
			name = "process-viewerTests";
			productName = "process-viewerTests";
			productReference = E049EDB62ADC1466000CF599 /* process-viewerTests.xctest */;
			productType = "com.apple.product-type.bundle.unit-test";
		};
		E049EDBF2ADC1466000CF599 /* process-viewerUITests */ = {
			isa = PBXNativeTarget;
			buildConfigurationList = E049EDD02ADC1466000CF599 /* Build configuration list for PBXNativeTarget "process-viewerUITests" */;
			buildPhases = (
				E049EDBC2ADC1466000CF599 /* Sources */,
				E049EDBD2ADC1466000CF599 /* Frameworks */,
				E049EDBE2ADC1466000CF599 /* Resources */,
			);
			buildRules = (
			);
			dependencies = (
				E049EDC22ADC1466000CF599 /* PBXTargetDependency */,
			);
			name = "process-viewerUITests";
			productName = "process-viewerUITests";
			productReference = E049EDC02ADC1466000CF599 /* process-viewerUITests.xctest */;
			productType = "com.apple.product-type.bundle.ui-testing";
		};
/* End PBXNativeTarget section */

/* Begin PBXProject section */
		E049ED9E2ADC1465000CF599 /* Project object */ = {
			isa = PBXProject;
			attributes = {
				BuildIndependentTargetsInParallel = 1;
				LastSwiftUpdateCheck = 1500;
				LastUpgradeCheck = 1500;
				TargetAttributes = {
					E049EDA52ADC1465000CF599 = {
						CreatedOnToolsVersion = 15.0;
					};
					E049EDB52ADC1466000CF599 = {
						CreatedOnToolsVersion = 15.0;
						TestTargetID = E049EDA52ADC1465000CF599;
					};
					E049EDBF2ADC1466000CF599 = {
						CreatedOnToolsVersion = 15.0;
						TestTargetID = E049EDA52ADC1465000CF599;
					};
				};
			};
			buildConfigurationList = E049EDA12ADC1465000CF599 /* Build configuration list for PBXProject "process-viewer" */;
			compatibilityVersion = "Xcode 14.0";
			developmentRegion = en;
			hasScannedForEncodings = 0;
			knownRegions = (
				en,
				Base,
			);
			mainGroup = E049ED9D2ADC1465000CF599;
			packageReferences = (
				E057C4BC2AE4338D002B55E4 /* XCRemoteSwiftPackageReference "KeychainAccess" */,
				E0294DF42AE9659E00DAE2CB /* XCRemoteSwiftPackageReference "Citadel" */,
			);
			productRefGroup = E049EDA72ADC1465000CF599 /* Products */;
			projectDirPath = "";
			projectRoot = "";
			targets = (
				E049EDA52ADC1465000CF599 /* process-viewer */,
				E049EDB52ADC1466000CF599 /* process-viewerTests */,
				E049EDBF2ADC1466000CF599 /* process-viewerUITests */,
			);
		};
/* End PBXProject section */

/* Begin PBXResourcesBuildPhase section */
		E049EDA42ADC1465000CF599 /* Resources */ = {
			isa = PBXResourcesBuildPhase;
			buildActionMask = 2147483647;
			files = (
				E049EDB12ADC1466000CF599 /* Preview Assets.xcassets in Resources */,
				E049EDAE2ADC1466000CF599 /* Assets.xcassets in Resources */,
			);
			runOnlyForDeploymentPostprocessing = 0;
		};
		E049EDB42ADC1466000CF599 /* Resources */ = {
			isa = PBXResourcesBuildPhase;
			buildActionMask = 2147483647;
			files = (
			);
			runOnlyForDeploymentPostprocessing = 0;
		};
		E049EDBE2ADC1466000CF599 /* Resources */ = {
			isa = PBXResourcesBuildPhase;
			buildActionMask = 2147483647;
			files = (
			);
			runOnlyForDeploymentPostprocessing = 0;
		};
/* End PBXResourcesBuildPhase section */

/* Begin PBXSourcesBuildPhase section */
		E049EDA22ADC1465000CF599 /* Sources */ = {
			isa = PBXSourcesBuildPhase;
			buildActionMask = 2147483647;
			files = (
				E057C4C22AE43B16002B55E4 /* ServerUserCreator.swift in Sources */,
				E04C9D182AE983A600EB69AD /* BTDevice.swift in Sources */,
				E0465D852AE1D9FA003DF998 /* ProcessStatus.swift in Sources */,
				E0294DF12AE95DFF00DAE2CB /* BluetoothViewer.swift in Sources */,
				E057C4BB2AE432EB002B55E4 /* UserStore.swift in Sources */,
				E0294DF32AE95F8B00DAE2CB /* BluetoothCtl.swift in Sources */,
				E049EDAA2ADC1465000CF599 /* process_viewerApp.swift in Sources */,
				E0465D832AE1D172003DF998 /* ProcessViewer.swift in Sources */,
				E0F46BC12ADC33F700BB1A87 /* ProcessRow.swift in Sources */,
				E057C4B92AE42CD9002B55E4 /* ServerStore.swift in Sources */,
				E05D031D2AEB0DE200DFC457 /* BTDeviceRow.swift in Sources */,
				E0376B412ADC928F0080635A /* SSH.swift in Sources */,
				E0465D812AE1C9C3003DF998 /* MainPage.swift in Sources */,
				E0F46BBE2ADC323A00BB1A87 /* Process.swift in Sources */,
				E047EB3F2ADF06FA0027DA72 /* Server.swift in Sources */,
				E047EB3D2ADF06D30027DA72 /* User.swift in Sources */,
			);
			runOnlyForDeploymentPostprocessing = 0;
		};
		E049EDB22ADC1466000CF599 /* Sources */ = {
			isa = PBXSourcesBuildPhase;
			buildActionMask = 2147483647;
			files = (
				E049EDBB2ADC1466000CF599 /* process_viewerTests.swift in Sources */,
			);
			runOnlyForDeploymentPostprocessing = 0;
		};
		E049EDBC2ADC1466000CF599 /* Sources */ = {
			isa = PBXSourcesBuildPhase;
			buildActionMask = 2147483647;
			files = (
				E049EDC72ADC1466000CF599 /* process_viewerUITestsLaunchTests.swift in Sources */,
				E049EDC52ADC1466000CF599 /* process_viewerUITests.swift in Sources */,
			);
			runOnlyForDeploymentPostprocessing = 0;
		};
/* End PBXSourcesBuildPhase section */

/* Begin PBXTargetDependency section */
		E049EDB82ADC1466000CF599 /* PBXTargetDependency */ = {
			isa = PBXTargetDependency;
			target = E049EDA52ADC1465000CF599 /* process-viewer */;
			targetProxy = E049EDB72ADC1466000CF599 /* PBXContainerItemProxy */;
		};
		E049EDC22ADC1466000CF599 /* PBXTargetDependency */ = {
			isa = PBXTargetDependency;
			target = E049EDA52ADC1465000CF599 /* process-viewer */;
			targetProxy = E049EDC12ADC1466000CF599 /* PBXContainerItemProxy */;
		};
/* End PBXTargetDependency section */

/* Begin XCBuildConfiguration section */
		E049EDC82ADC1466000CF599 /* Debug */ = {
			isa = XCBuildConfiguration;
			buildSettings = {
				ALWAYS_SEARCH_USER_PATHS = NO;
				ASSETCATALOG_COMPILER_GENERATE_SWIFT_ASSET_SYMBOL_EXTENSIONS = YES;
				CLANG_ANALYZER_NONNULL = YES;
				CLANG_ANALYZER_NUMBER_OBJECT_CONVERSION = YES_AGGRESSIVE;
				CLANG_CXX_LANGUAGE_STANDARD = "gnu++20";
				CLANG_ENABLE_MODULES = YES;
				CLANG_ENABLE_OBJC_ARC = YES;
				CLANG_ENABLE_OBJC_WEAK = YES;
				CLANG_WARN_BLOCK_CAPTURE_AUTORELEASING = YES;
				CLANG_WARN_BOOL_CONVERSION = YES;
				CLANG_WARN_COMMA = YES;
				CLANG_WARN_CONSTANT_CONVERSION = YES;
				CLANG_WARN_DEPRECATED_OBJC_IMPLEMENTATIONS = YES;
				CLANG_WARN_DIRECT_OBJC_ISA_USAGE = YES_ERROR;
				CLANG_WARN_DOCUMENTATION_COMMENTS = YES;
				CLANG_WARN_EMPTY_BODY = YES;
				CLANG_WARN_ENUM_CONVERSION = YES;
				CLANG_WARN_INFINITE_RECURSION = YES;
				CLANG_WARN_INT_CONVERSION = YES;
				CLANG_WARN_NON_LITERAL_NULL_CONVERSION = YES;
				CLANG_WARN_OBJC_IMPLICIT_RETAIN_SELF = YES;
				CLANG_WARN_OBJC_LITERAL_CONVERSION = YES;
				CLANG_WARN_OBJC_ROOT_CLASS = YES_ERROR;
				CLANG_WARN_QUOTED_INCLUDE_IN_FRAMEWORK_HEADER = YES;
				CLANG_WARN_RANGE_LOOP_ANALYSIS = YES;
				CLANG_WARN_STRICT_PROTOTYPES = YES;
				CLANG_WARN_SUSPICIOUS_MOVE = YES;
				CLANG_WARN_UNGUARDED_AVAILABILITY = YES_AGGRESSIVE;
				CLANG_WARN_UNREACHABLE_CODE = YES;
				CLANG_WARN__DUPLICATE_METHOD_MATCH = YES;
				COPY_PHASE_STRIP = NO;
				DEBUG_INFORMATION_FORMAT = dwarf;
				ENABLE_STRICT_OBJC_MSGSEND = YES;
				ENABLE_TESTABILITY = YES;
				ENABLE_USER_SCRIPT_SANDBOXING = YES;
				GCC_C_LANGUAGE_STANDARD = gnu17;
				GCC_DYNAMIC_NO_PIC = NO;
				GCC_NO_COMMON_BLOCKS = YES;
				GCC_OPTIMIZATION_LEVEL = 0;
				GCC_PREPROCESSOR_DEFINITIONS = (
					"DEBUG=1",
					"$(inherited)",
				);
				GCC_WARN_64_TO_32_BIT_CONVERSION = YES;
				GCC_WARN_ABOUT_RETURN_TYPE = YES_ERROR;
				GCC_WARN_UNDECLARED_SELECTOR = YES;
				GCC_WARN_UNINITIALIZED_AUTOS = YES_AGGRESSIVE;
				GCC_WARN_UNUSED_FUNCTION = YES;
				GCC_WARN_UNUSED_VARIABLE = YES;
				IPHONEOS_DEPLOYMENT_TARGET = 15.6;
				LOCALIZATION_PREFERS_STRING_CATALOGS = YES;
				MTL_ENABLE_DEBUG_INFO = INCLUDE_SOURCE;
				MTL_FAST_MATH = YES;
				ONLY_ACTIVE_ARCH = YES;
				SDKROOT = iphoneos;
				SWIFT_ACTIVE_COMPILATION_CONDITIONS = "DEBUG $(inherited)";
				SWIFT_OPTIMIZATION_LEVEL = "-Onone";
			};
			name = Debug;
		};
		E049EDC92ADC1466000CF599 /* Release */ = {
			isa = XCBuildConfiguration;
			buildSettings = {
				ALWAYS_SEARCH_USER_PATHS = NO;
				ASSETCATALOG_COMPILER_GENERATE_SWIFT_ASSET_SYMBOL_EXTENSIONS = YES;
				CLANG_ANALYZER_NONNULL = YES;
				CLANG_ANALYZER_NUMBER_OBJECT_CONVERSION = YES_AGGRESSIVE;
				CLANG_CXX_LANGUAGE_STANDARD = "gnu++20";
				CLANG_ENABLE_MODULES = YES;
				CLANG_ENABLE_OBJC_ARC = YES;
				CLANG_ENABLE_OBJC_WEAK = YES;
				CLANG_WARN_BLOCK_CAPTURE_AUTORELEASING = YES;
				CLANG_WARN_BOOL_CONVERSION = YES;
				CLANG_WARN_COMMA = YES;
				CLANG_WARN_CONSTANT_CONVERSION = YES;
				CLANG_WARN_DEPRECATED_OBJC_IMPLEMENTATIONS = YES;
				CLANG_WARN_DIRECT_OBJC_ISA_USAGE = YES_ERROR;
				CLANG_WARN_DOCUMENTATION_COMMENTS = YES;
				CLANG_WARN_EMPTY_BODY = YES;
				CLANG_WARN_ENUM_CONVERSION = YES;
				CLANG_WARN_INFINITE_RECURSION = YES;
				CLANG_WARN_INT_CONVERSION = YES;
				CLANG_WARN_NON_LITERAL_NULL_CONVERSION = YES;
				CLANG_WARN_OBJC_IMPLICIT_RETAIN_SELF = YES;
				CLANG_WARN_OBJC_LITERAL_CONVERSION = YES;
				CLANG_WARN_OBJC_ROOT_CLASS = YES_ERROR;
				CLANG_WARN_QUOTED_INCLUDE_IN_FRAMEWORK_HEADER = YES;
				CLANG_WARN_RANGE_LOOP_ANALYSIS = YES;
				CLANG_WARN_STRICT_PROTOTYPES = YES;
				CLANG_WARN_SUSPICIOUS_MOVE = YES;
				CLANG_WARN_UNGUARDED_AVAILABILITY = YES_AGGRESSIVE;
				CLANG_WARN_UNREACHABLE_CODE = YES;
				CLANG_WARN__DUPLICATE_METHOD_MATCH = YES;
				COPY_PHASE_STRIP = NO;
				DEBUG_INFORMATION_FORMAT = "dwarf-with-dsym";
				ENABLE_NS_ASSERTIONS = NO;
				ENABLE_STRICT_OBJC_MSGSEND = YES;
				ENABLE_USER_SCRIPT_SANDBOXING = YES;
				GCC_C_LANGUAGE_STANDARD = gnu17;
				GCC_NO_COMMON_BLOCKS = YES;
				GCC_WARN_64_TO_32_BIT_CONVERSION = YES;
				GCC_WARN_ABOUT_RETURN_TYPE = YES_ERROR;
				GCC_WARN_UNDECLARED_SELECTOR = YES;
				GCC_WARN_UNINITIALIZED_AUTOS = YES_AGGRESSIVE;
				GCC_WARN_UNUSED_FUNCTION = YES;
				GCC_WARN_UNUSED_VARIABLE = YES;
				IPHONEOS_DEPLOYMENT_TARGET = 15.6;
				LOCALIZATION_PREFERS_STRING_CATALOGS = YES;
				MTL_ENABLE_DEBUG_INFO = NO;
				MTL_FAST_MATH = YES;
				SDKROOT = iphoneos;
				SWIFT_COMPILATION_MODE = wholemodule;
				VALIDATE_PRODUCT = YES;
			};
			name = Release;
		};
		E049EDCB2ADC1466000CF599 /* Debug */ = {
			isa = XCBuildConfiguration;
			buildSettings = {
				ASSETCATALOG_COMPILER_APPICON_NAME = AppIcon;
				ASSETCATALOG_COMPILER_GLOBAL_ACCENT_COLOR_NAME = AccentColor;
				CODE_SIGN_STYLE = Automatic;
				CURRENT_PROJECT_VERSION = 1;
				DEVELOPMENT_ASSET_PATHS = "\"process-viewer/Preview Content\"";
				DEVELOPMENT_TEAM = RB596889VD;
				ENABLE_PREVIEWS = YES;
				GENERATE_INFOPLIST_FILE = YES;
				INFOPLIST_KEY_UIApplicationSceneManifest_Generation = YES;
				INFOPLIST_KEY_UIApplicationSupportsIndirectInputEvents = YES;
				INFOPLIST_KEY_UILaunchScreen_Generation = YES;
				INFOPLIST_KEY_UISupportedInterfaceOrientations_iPad = "UIInterfaceOrientationPortrait UIInterfaceOrientationPortraitUpsideDown UIInterfaceOrientationLandscapeLeft UIInterfaceOrientationLandscapeRight";
				INFOPLIST_KEY_UISupportedInterfaceOrientations_iPhone = "UIInterfaceOrientationPortrait UIInterfaceOrientationLandscapeLeft UIInterfaceOrientationLandscapeRight";
				LD_RUNPATH_SEARCH_PATHS = (
					"$(inherited)",
					"@executable_path/Frameworks",
				);
				MARKETING_VERSION = 1.0;
				PRODUCT_BUNDLE_IDENTIFIER = "jerr-it.process-viewer";
				PRODUCT_NAME = "$(TARGET_NAME)";
				SWIFT_EMIT_LOC_STRINGS = YES;
				SWIFT_VERSION = 5.0;
				TARGETED_DEVICE_FAMILY = "1,2";
			};
			name = Debug;
		};
		E049EDCC2ADC1466000CF599 /* Release */ = {
			isa = XCBuildConfiguration;
			buildSettings = {
				ASSETCATALOG_COMPILER_APPICON_NAME = AppIcon;
				ASSETCATALOG_COMPILER_GLOBAL_ACCENT_COLOR_NAME = AccentColor;
				CODE_SIGN_STYLE = Automatic;
				CURRENT_PROJECT_VERSION = 1;
				DEVELOPMENT_ASSET_PATHS = "\"process-viewer/Preview Content\"";
				DEVELOPMENT_TEAM = RB596889VD;
				ENABLE_PREVIEWS = YES;
				GENERATE_INFOPLIST_FILE = YES;
				INFOPLIST_KEY_UIApplicationSceneManifest_Generation = YES;
				INFOPLIST_KEY_UIApplicationSupportsIndirectInputEvents = YES;
				INFOPLIST_KEY_UILaunchScreen_Generation = YES;
				INFOPLIST_KEY_UISupportedInterfaceOrientations_iPad = "UIInterfaceOrientationPortrait UIInterfaceOrientationPortraitUpsideDown UIInterfaceOrientationLandscapeLeft UIInterfaceOrientationLandscapeRight";
				INFOPLIST_KEY_UISupportedInterfaceOrientations_iPhone = "UIInterfaceOrientationPortrait UIInterfaceOrientationLandscapeLeft UIInterfaceOrientationLandscapeRight";
				LD_RUNPATH_SEARCH_PATHS = (
					"$(inherited)",
					"@executable_path/Frameworks",
				);
				MARKETING_VERSION = 1.0;
				PRODUCT_BUNDLE_IDENTIFIER = "jerr-it.process-viewer";
				PRODUCT_NAME = "$(TARGET_NAME)";
				SWIFT_EMIT_LOC_STRINGS = YES;
				SWIFT_VERSION = 5.0;
				TARGETED_DEVICE_FAMILY = "1,2";
			};
			name = Release;
		};
		E049EDCE2ADC1466000CF599 /* Debug */ = {
			isa = XCBuildConfiguration;
			buildSettings = {
				ALWAYS_EMBED_SWIFT_STANDARD_LIBRARIES = YES;
				BUNDLE_LOADER = "$(TEST_HOST)";
				CODE_SIGN_STYLE = Automatic;
				CURRENT_PROJECT_VERSION = 1;
				DEVELOPMENT_TEAM = RB596889VD;
				GENERATE_INFOPLIST_FILE = YES;
				IPHONEOS_DEPLOYMENT_TARGET = 17.0;
				MARKETING_VERSION = 1.0;
				PRODUCT_BUNDLE_IDENTIFIER = "jerr-it.process-viewerTests";
				PRODUCT_NAME = "$(TARGET_NAME)";
				SWIFT_EMIT_LOC_STRINGS = NO;
				SWIFT_VERSION = 5.0;
				TARGETED_DEVICE_FAMILY = "1,2";
				TEST_HOST = "$(BUILT_PRODUCTS_DIR)/process-viewer.app/$(BUNDLE_EXECUTABLE_FOLDER_PATH)/process-viewer";
			};
			name = Debug;
		};
		E049EDCF2ADC1466000CF599 /* Release */ = {
			isa = XCBuildConfiguration;
			buildSettings = {
				ALWAYS_EMBED_SWIFT_STANDARD_LIBRARIES = YES;
				BUNDLE_LOADER = "$(TEST_HOST)";
				CODE_SIGN_STYLE = Automatic;
				CURRENT_PROJECT_VERSION = 1;
				DEVELOPMENT_TEAM = RB596889VD;
				GENERATE_INFOPLIST_FILE = YES;
				IPHONEOS_DEPLOYMENT_TARGET = 17.0;
				MARKETING_VERSION = 1.0;
				PRODUCT_BUNDLE_IDENTIFIER = "jerr-it.process-viewerTests";
				PRODUCT_NAME = "$(TARGET_NAME)";
				SWIFT_EMIT_LOC_STRINGS = NO;
				SWIFT_VERSION = 5.0;
				TARGETED_DEVICE_FAMILY = "1,2";
				TEST_HOST = "$(BUILT_PRODUCTS_DIR)/process-viewer.app/$(BUNDLE_EXECUTABLE_FOLDER_PATH)/process-viewer";
			};
			name = Release;
		};
		E049EDD12ADC1466000CF599 /* Debug */ = {
			isa = XCBuildConfiguration;
			buildSettings = {
				ALWAYS_EMBED_SWIFT_STANDARD_LIBRARIES = YES;
				CODE_SIGN_STYLE = Automatic;
				CURRENT_PROJECT_VERSION = 1;
				DEVELOPMENT_TEAM = RB596889VD;
				GENERATE_INFOPLIST_FILE = YES;
				MARKETING_VERSION = 1.0;
				PRODUCT_BUNDLE_IDENTIFIER = "jerr-it.process-viewerUITests";
				PRODUCT_NAME = "$(TARGET_NAME)";
				SWIFT_EMIT_LOC_STRINGS = NO;
				SWIFT_VERSION = 5.0;
				TARGETED_DEVICE_FAMILY = "1,2";
				TEST_TARGET_NAME = "process-viewer";
			};
			name = Debug;
		};
		E049EDD22ADC1466000CF599 /* Release */ = {
			isa = XCBuildConfiguration;
			buildSettings = {
				ALWAYS_EMBED_SWIFT_STANDARD_LIBRARIES = YES;
				CODE_SIGN_STYLE = Automatic;
				CURRENT_PROJECT_VERSION = 1;
				DEVELOPMENT_TEAM = RB596889VD;
				GENERATE_INFOPLIST_FILE = YES;
				MARKETING_VERSION = 1.0;
				PRODUCT_BUNDLE_IDENTIFIER = "jerr-it.process-viewerUITests";
				PRODUCT_NAME = "$(TARGET_NAME)";
				SWIFT_EMIT_LOC_STRINGS = NO;
				SWIFT_VERSION = 5.0;
				TARGETED_DEVICE_FAMILY = "1,2";
				TEST_TARGET_NAME = "process-viewer";
			};
			name = Release;
		};
/* End XCBuildConfiguration section */

/* Begin XCConfigurationList section */
		E049EDA12ADC1465000CF599 /* Build configuration list for PBXProject "process-viewer" */ = {
			isa = XCConfigurationList;
			buildConfigurations = (
				E049EDC82ADC1466000CF599 /* Debug */,
				E049EDC92ADC1466000CF599 /* Release */,
			);
			defaultConfigurationIsVisible = 0;
			defaultConfigurationName = Release;
		};
		E049EDCA2ADC1466000CF599 /* Build configuration list for PBXNativeTarget "process-viewer" */ = {
			isa = XCConfigurationList;
			buildConfigurations = (
				E049EDCB2ADC1466000CF599 /* Debug */,
				E049EDCC2ADC1466000CF599 /* Release */,
			);
			defaultConfigurationIsVisible = 0;
			defaultConfigurationName = Release;
		};
		E049EDCD2ADC1466000CF599 /* Build configuration list for PBXNativeTarget "process-viewerTests" */ = {
			isa = XCConfigurationList;
			buildConfigurations = (
				E049EDCE2ADC1466000CF599 /* Debug */,
				E049EDCF2ADC1466000CF599 /* Release */,
			);
			defaultConfigurationIsVisible = 0;
			defaultConfigurationName = Release;
		};
		E049EDD02ADC1466000CF599 /* Build configuration list for PBXNativeTarget "process-viewerUITests" */ = {
			isa = XCConfigurationList;
			buildConfigurations = (
				E049EDD12ADC1466000CF599 /* Debug */,
				E049EDD22ADC1466000CF599 /* Release */,
			);
			defaultConfigurationIsVisible = 0;
			defaultConfigurationName = Release;
		};
/* End XCConfigurationList section */

/* Begin XCRemoteSwiftPackageReference section */
		E0294DF42AE9659E00DAE2CB /* XCRemoteSwiftPackageReference "Citadel" */ = {
			isa = XCRemoteSwiftPackageReference;
			repositoryURL = "https://github.com/orlandos-nl/Citadel.git";
			requirement = {
				kind = upToNextMajorVersion;
				minimumVersion = 0.7.0;
			};
		};
		E057C4BC2AE4338D002B55E4 /* XCRemoteSwiftPackageReference "KeychainAccess" */ = {
			isa = XCRemoteSwiftPackageReference;
			repositoryURL = "https://github.com/kishikawakatsumi/KeychainAccess.git";
			requirement = {
				branch = master;
				kind = branch;
			};
		};
/* End XCRemoteSwiftPackageReference section */

/* Begin XCSwiftPackageProductDependency section */
		E0294DF52AE9659E00DAE2CB /* Citadel */ = {
			isa = XCSwiftPackageProductDependency;
			package = E0294DF42AE9659E00DAE2CB /* XCRemoteSwiftPackageReference "Citadel" */;
			productName = Citadel;
		};
		E057C4BD2AE4338D002B55E4 /* KeychainAccess */ = {
			isa = XCSwiftPackageProductDependency;
			package = E057C4BC2AE4338D002B55E4 /* XCRemoteSwiftPackageReference "KeychainAccess" */;
			productName = KeychainAccess;
		};
/* End XCSwiftPackageProductDependency section */
	};
	rootObject = E049ED9E2ADC1465000CF599 /* Project object */;
}
